
Microsoft Visual Studio Solution File, Format Version 12.00
# Visual Studio Version 17
VisualStudioVersion = 17.11.35327.3
MinimumVisualStudioVersion = 10.0.40219.1
Project("{FAE04EC0-301F-11D3-BF4B-00C04F79EFBC}") = "Задачи_Тумакова", "Задачи_Тумакова\Задачи_Тумакова.csproj", "{B584E418-C888-4E89-A869-A1C1020117F9}"
	ProjectSection(ProjectDependencies) = postProject
		{A04184BA-8CFE-42ED-8589-D44CE4214322} = {A04184BA-8CFE-42ED-8589-D44CE4214322}
	EndProjectSection
EndProject
Project("{FAE04EC0-301F-11D3-BF4B-00C04F79EFBC}") = "Задачи из методички", "Задачи из методички\Задачи из методички.csproj", "{A04184BA-8CFE-42ED-8589-D44CE4214322}"
EndProject
Global
	GlobalSection(SolutionConfigurationPlatforms) = preSolution
		Debug|Any CPU = Debug|Any CPU
		Release|Any CPU = Release|Any CPU
	EndGlobalSection
	GlobalSection(ProjectConfigurationPlatforms) = postSolution
		{B584E418-C888-4E89-A869-A1C1020117F9}.Debug|Any CPU.ActiveCfg = Debug|Any CPU
		{B584E418-C888-4E89-A869-A1C1020117F9}.Debug|Any CPU.Build.0 = Debug|Any CPU
		{B584E418-C888-4E89-A869-A1C1020117F9}.Release|Any CPU.ActiveCfg = Release|Any CPU
		{B584E418-C888-4E89-A869-A1C1020117F9}.Release|Any CPU.Build.0 = Release|Any CPU
		{A04184BA-8CFE-42ED-8589-D44CE4214322}.Debug|Any CPU.ActiveCfg = Debug|Any CPU
		{A04184BA-8CFE-42ED-8589-D44CE4214322}.Debug|Any CPU.Build.0 = Debug|Any CPU
		{A04184BA-8CFE-42ED-8589-D44CE4214322}.Release|Any CPU.ActiveCfg = Release|Any CPU
		{A04184BA-8CFE-42ED-8589-D44CE4214322}.Release|Any CPU.Build.0 = Release|Any CPU
	EndGlobalSection
	GlobalSection(SolutionProperties) = preSolution
		HideSolutionNode = FALSE
	EndGlobalSection
	GlobalSection(ExtensibilityGlobals) = postSolution
		SolutionGuid = {A750AFBA-D49D-4D82-9BA3-CAB3421E8132}
	EndGlobalSection
EndGlobal
